
Microsoft Visual Studio Solution File, Format Version 12.00
# Visual Studio Version 17
VisualStudioVersion = 17.13.35825.156 d17.13
MinimumVisualStudioVersion = 10.0.40219.1
Project("{FAE04EC0-301F-11D3-BF4B-00C04F79EFBC}") = "AnyDeskConnector", "AnyDeskConnector\AnyDeskConnector.csproj", "{ECCD3E74-F9B3-4A85-9A79-AE4AF14B87D0}"
EndProject
Global
	GlobalSection(SolutionConfigurationPlatforms) = preSolution
		Debug|Any CPU = Debug|Any CPU
		Release|Any CPU = Release|Any CPU
	EndGlobalSection
	GlobalSection(ProjectConfigurationPlatforms) = postSolution
		{ECCD3E74-F9B3-4A85-9A79-AE4AF14B87D0}.Debug|Any CPU.ActiveCfg = Debug|Any CPU
		{ECCD3E74-F9B3-4A85-9A79-AE4AF14B87D0}.Debug|Any CPU.Build.0 = Debug|Any CPU
		{ECCD3E74-F9B3-4A85-9A79-AE4AF14B87D0}.Release|Any CPU.ActiveCfg = Release|Any CPU
		{ECCD3E74-F9B3-4A85-9A79-AE4AF14B87D0}.Release|Any CPU.Build.0 = Release|Any CPU
	EndGlobalSection
	GlobalSection(SolutionProperties) = preSolution
		HideSolutionNode = FALSE
	EndGlobalSection
	GlobalSection(ExtensibilityGlobals) = postSolution
		SolutionGuid = {F5CD4422-9F32-435B-85FE-5BDDE2819207}
	EndGlobalSection
EndGlobal
